
Microsoft Visual Studio Solution File, Format Version 12.00
# Visual Studio 15
Project("{FAE04EC0-301F-11D3-BF4B-00C04F79EFBC}") = "UniGLTF", "UniGLTF.csproj", "{E023D122-E0D7-F855-7FD2-133FE8AB59B8}"
EndProject
Project("{FAE04EC0-301F-11D3-BF4B-00C04F79EFBC}") = "MagicaCloth", "MagicaCloth.csproj", "{AF0CDC89-6BC6-B25F-A765-C9468F7FC023}"
EndProject
Project("{FAE04EC0-301F-11D3-BF4B-00C04F79EFBC}") = "VRMShaders.GLTF.IO.Runtime", "VRMShaders.GLTF.IO.Runtime.csproj", "{6C739BC9-20F4-95B6-05C8-7EBD9AD9225F}"
EndProject
Project("{FAE04EC0-301F-11D3-BF4B-00C04F79EFBC}") = "VRM10", "VRM10.csproj", "{E01075B1-3DB5-A6F5-91E0-9EEFBFB51F68}"
EndProject
Project("{FAE04EC0-301F-11D3-BF4B-00C04F79EFBC}") = "VRMShaders.VRM10.MToon10.Runtime", "VRMShaders.VRM10.MToon10.Runtime.csproj", "{ED826732-F23B-1298-77DF-ADE6F14D8AF3}"
EndProject
Project("{FAE04EC0-301F-11D3-BF4B-00C04F79EFBC}") = "FastSpringBone10", "FastSpringBone10.csproj", "{406DD52A-F532-BF1C-F923-D4483A2F4FF1}"
EndProject
Project("{FAE04EC0-301F-11D3-BF4B-00C04F79EFBC}") = "Assembly-CSharp", "Assembly-CSharp.csproj", "{36DE1E01-7194-26D2-0F34-12AF116B3AB3}"
EndProject
Project("{FAE04EC0-301F-11D3-BF4B-00C04F79EFBC}") = "VrmLib", "VrmLib.csproj", "{63CAA9AB-B985-DC9A-CD5E-CEFE7591EAC8}"
EndProject
Project("{FAE04EC0-301F-11D3-BF4B-00C04F79EFBC}") = "MToon", "MToon.csproj", "{4D5B191F-9D93-EA5F-7C27-A77D4884BA81}"
EndProject
Project("{FAE04EC0-301F-11D3-BF4B-00C04F79EFBC}") = "VRMShaders.VRM10.Format.Runtime", "VRMShaders.VRM10.Format.Runtime.csproj", "{6EB22EF7-D9FF-EBB8-9B0C-526FBB499299}"
EndProject
Project("{FAE04EC0-301F-11D3-BF4B-00C04F79EFBC}") = "Unity.Toonshader", "Unity.Toonshader.csproj", "{576391FF-D814-C20C-7EE8-CA9636D46D51}"
EndProject
Project("{FAE04EC0-301F-11D3-BF4B-00C04F79EFBC}") = "UniHumanoid", "UniHumanoid.csproj", "{174F006A-8497-FB8B-96DB-2A5664244E82}"
EndProject
Project("{FAE04EC0-301F-11D3-BF4B-00C04F79EFBC}") = "UniGLTF.Utils", "UniGLTF.Utils.csproj", "{99BC1539-E81C-77C0-EA6E-0B7017AE8A58}"
EndProject
Project("{FAE04EC0-301F-11D3-BF4B-00C04F79EFBC}") = "VRMShaders.GLTF.UniUnlit.Runtime", "VRMShaders.GLTF.UniUnlit.Runtime.csproj", "{70097BFC-846C-2E15-D6D6-33038728FE74}"
EndProject
Project("{FAE04EC0-301F-11D3-BF4B-00C04F79EFBC}") = "VRMShaders.VRM.IO.Runtime", "VRMShaders.VRM.IO.Runtime.csproj", "{5F747A13-7A90-1C27-7411-45EE0D540A59}"
EndProject
Project("{FAE04EC0-301F-11D3-BF4B-00C04F79EFBC}") = "VRMShaders.GLTF.IO.Tests", "VRMShaders.GLTF.IO.Tests.csproj", "{6BECB5C9-A5B9-C619-5F5B-D9DAF03BEF3A}"
EndProject
Project("{FAE04EC0-301F-11D3-BF4B-00C04F79EFBC}") = "UniGLTF.Tests", "UniGLTF.Tests.csproj", "{50AB20E3-2440-3EF1-B77E-851B18EC94F0}"
EndProject
Project("{FAE04EC0-301F-11D3-BF4B-00C04F79EFBC}") = "Unity.Toonshader.Editor", "Unity.Toonshader.Editor.csproj", "{CB98F2F3-1925-CF84-EF60-21969A72AE09}"
EndProject
Project("{FAE04EC0-301F-11D3-BF4B-00C04F79EFBC}") = "VRMShaders.GLTF.UniUnlit.Editor", "VRMShaders.GLTF.UniUnlit.Editor.csproj", "{EB12EB5C-0D5F-24E9-0D67-08CA90C5C9B7}"
EndProject
Project("{FAE04EC0-301F-11D3-BF4B-00C04F79EFBC}") = "VRM10.Tests", "VRM10.Tests.csproj", "{D74B98D5-EC0F-8135-7F5C-E6C61DEC78CA}"
EndProject
Project("{FAE04EC0-301F-11D3-BF4B-00C04F79EFBC}") = "VRM10.Editor", "VRM10.Editor.csproj", "{4DC82888-98A6-98DF-398D-06B1A2DB1345}"
EndProject
Project("{FAE04EC0-301F-11D3-BF4B-00C04F79EFBC}") = "UniGLTF.Editor", "UniGLTF.Editor.csproj", "{9086084C-D5DA-AE12-DDF0-7AACF17EFA77}"
EndProject
Project("{FAE04EC0-301F-11D3-BF4B-00C04F79EFBC}") = "MagicaCloth.Editor", "MagicaCloth.Editor.csproj", "{5117CE77-9EEE-D0B6-28AF-A24C37ABF14D}"
EndProject
Project("{FAE04EC0-301F-11D3-BF4B-00C04F79EFBC}") = "UniHumanoid.Editor", "UniHumanoid.Editor.csproj", "{AD583FF9-09C8-4175-3E71-570B8954E937}"
EndProject
Project("{FAE04EC0-301F-11D3-BF4B-00C04F79EFBC}") = "VRMShaders.VRM10.MToon10.Editor", "VRMShaders.VRM10.MToon10.Editor.csproj", "{8B9517E8-EE3D-5F9E-5700-7E06B0DA4E52}"
EndProject
Project("{FAE04EC0-301F-11D3-BF4B-00C04F79EFBC}") = "VRMShaders.GLTF.IO.Editor", "VRMShaders.GLTF.IO.Editor.csproj", "{059DEE0D-49D1-7463-C55F-F61EFACA80EA}"
EndProject
Project("{FAE04EC0-301F-11D3-BF4B-00C04F79EFBC}") = "Assembly-CSharp-Editor", "Assembly-CSharp-Editor.csproj", "{27EF984A-25A0-8BF4-3FF9-A9363ED6FF6A}"
EndProject
Project("{FAE04EC0-301F-11D3-BF4B-00C04F79EFBC}") = "MToon.Editor", "MToon.Editor.csproj", "{B2A66E65-49D7-D93E-6A48-6CCBE16E00C3}"
EndProject
Project("{FAE04EC0-301F-11D3-BF4B-00C04F79EFBC}") = "VrmLibTests", "VrmLibTests.csproj", "{6E4CE99E-B45B-03A0-62FB-9B4E2B158BA4}"
EndProject
Project("{FAE04EC0-301F-11D3-BF4B-00C04F79EFBC}") = "VRMShaders.VRM10.MToon10.Tests", "VRMShaders.VRM10.MToon10.Tests.csproj", "{B8C47C0C-4A53-69E3-8364-7B7C107A2051}"
EndProject
Project("{FAE04EC0-301F-11D3-BF4B-00C04F79EFBC}") = "UniHumanoid.Editor.Tests", "UniHumanoid.Editor.Tests.csproj", "{C513685D-E784-CDBD-9666-A8EF79B60073}"
EndProject
Global
	GlobalSection(SolutionConfigurationPlatforms) = preSolution
		Debug|Any CPU = Debug|Any CPU
		Release|Any CPU = Release|Any CPU
	EndGlobalSection
	GlobalSection(ProjectConfigurationPlatforms) = postSolution
		{E023D122-E0D7-F855-7FD2-133FE8AB59B8}.Debug|Any CPU.ActiveCfg = Debug|Any CPU
		{E023D122-E0D7-F855-7FD2-133FE8AB59B8}.Debug|Any CPU.Build.0 = Debug|Any CPU
		{E023D122-E0D7-F855-7FD2-133FE8AB59B8}.Release|Any CPU.ActiveCfg = Release|Any CPU
		{E023D122-E0D7-F855-7FD2-133FE8AB59B8}.Release|Any CPU.Build.0 = Release|Any CPU
		{AF0CDC89-6BC6-B25F-A765-C9468F7FC023}.Debug|Any CPU.ActiveCfg = Debug|Any CPU
		{AF0CDC89-6BC6-B25F-A765-C9468F7FC023}.Debug|Any CPU.Build.0 = Debug|Any CPU
		{AF0CDC89-6BC6-B25F-A765-C9468F7FC023}.Release|Any CPU.ActiveCfg = Release|Any CPU
		{AF0CDC89-6BC6-B25F-A765-C9468F7FC023}.Release|Any CPU.Build.0 = Release|Any CPU
		{6C739BC9-20F4-95B6-05C8-7EBD9AD9225F}.Debug|Any CPU.ActiveCfg = Debug|Any CPU
		{6C739BC9-20F4-95B6-05C8-7EBD9AD9225F}.Debug|Any CPU.Build.0 = Debug|Any CPU
		{6C739BC9-20F4-95B6-05C8-7EBD9AD9225F}.Release|Any CPU.ActiveCfg = Release|Any CPU
		{6C739BC9-20F4-95B6-05C8-7EBD9AD9225F}.Release|Any CPU.Build.0 = Release|Any CPU
		{E01075B1-3DB5-A6F5-91E0-9EEFBFB51F68}.Debug|Any CPU.ActiveCfg = Debug|Any CPU
		{E01075B1-3DB5-A6F5-91E0-9EEFBFB51F68}.Debug|Any CPU.Build.0 = Debug|Any CPU
		{E01075B1-3DB5-A6F5-91E0-9EEFBFB51F68}.Release|Any CPU.ActiveCfg = Release|Any CPU
		{E01075B1-3DB5-A6F5-91E0-9EEFBFB51F68}.Release|Any CPU.Build.0 = Release|Any CPU
		{ED826732-F23B-1298-77DF-ADE6F14D8AF3}.Debug|Any CPU.ActiveCfg = Debug|Any CPU
		{ED826732-F23B-1298-77DF-ADE6F14D8AF3}.Debug|Any CPU.Build.0 = Debug|Any CPU
		{ED826732-F23B-1298-77DF-ADE6F14D8AF3}.Release|Any CPU.ActiveCfg = Release|Any CPU
		{ED826732-F23B-1298-77DF-ADE6F14D8AF3}.Release|Any CPU.Build.0 = Release|Any CPU
		{406DD52A-F532-BF1C-F923-D4483A2F4FF1}.Debug|Any CPU.ActiveCfg = Debug|Any CPU
		{406DD52A-F532-BF1C-F923-D4483A2F4FF1}.Debug|Any CPU.Build.0 = Debug|Any CPU
		{406DD52A-F532-BF1C-F923-D4483A2F4FF1}.Release|Any CPU.ActiveCfg = Release|Any CPU
		{406DD52A-F532-BF1C-F923-D4483A2F4FF1}.Release|Any CPU.Build.0 = Release|Any CPU
		{36DE1E01-7194-26D2-0F34-12AF116B3AB3}.Debug|Any CPU.ActiveCfg = Debug|Any CPU
		{36DE1E01-7194-26D2-0F34-12AF116B3AB3}.Debug|Any CPU.Build.0 = Debug|Any CPU
		{36DE1E01-7194-26D2-0F34-12AF116B3AB3}.Release|Any CPU.ActiveCfg = Release|Any CPU
		{36DE1E01-7194-26D2-0F34-12AF116B3AB3}.Release|Any CPU.Build.0 = Release|Any CPU
		{63CAA9AB-B985-DC9A-CD5E-CEFE7591EAC8}.Debug|Any CPU.ActiveCfg = Debug|Any CPU
		{63CAA9AB-B985-DC9A-CD5E-CEFE7591EAC8}.Debug|Any CPU.Build.0 = Debug|Any CPU
		{63CAA9AB-B985-DC9A-CD5E-CEFE7591EAC8}.Release|Any CPU.ActiveCfg = Release|Any CPU
		{63CAA9AB-B985-DC9A-CD5E-CEFE7591EAC8}.Release|Any CPU.Build.0 = Release|Any CPU
		{4D5B191F-9D93-EA5F-7C27-A77D4884BA81}.Debug|Any CPU.ActiveCfg = Debug|Any CPU
		{4D5B191F-9D93-EA5F-7C27-A77D4884BA81}.Debug|Any CPU.Build.0 = Debug|Any CPU
		{4D5B191F-9D93-EA5F-7C27-A77D4884BA81}.Release|Any CPU.ActiveCfg = Release|Any CPU
		{4D5B191F-9D93-EA5F-7C27-A77D4884BA81}.Release|Any CPU.Build.0 = Release|Any CPU
		{6EB22EF7-D9FF-EBB8-9B0C-526FBB499299}.Debug|Any CPU.ActiveCfg = Debug|Any CPU
		{6EB22EF7-D9FF-EBB8-9B0C-526FBB499299}.Debug|Any CPU.Build.0 = Debug|Any CPU
		{6EB22EF7-D9FF-EBB8-9B0C-526FBB499299}.Release|Any CPU.ActiveCfg = Release|Any CPU
		{6EB22EF7-D9FF-EBB8-9B0C-526FBB499299}.Release|Any CPU.Build.0 = Release|Any CPU
		{576391FF-D814-C20C-7EE8-CA9636D46D51}.Debug|Any CPU.ActiveCfg = Debug|Any CPU
		{576391FF-D814-C20C-7EE8-CA9636D46D51}.Debug|Any CPU.Build.0 = Debug|Any CPU
		{576391FF-D814-C20C-7EE8-CA9636D46D51}.Release|Any CPU.ActiveCfg = Release|Any CPU
		{576391FF-D814-C20C-7EE8-CA9636D46D51}.Release|Any CPU.Build.0 = Release|Any CPU
		{174F006A-8497-FB8B-96DB-2A5664244E82}.Debug|Any CPU.ActiveCfg = Debug|Any CPU
		{174F006A-8497-FB8B-96DB-2A5664244E82}.Debug|Any CPU.Build.0 = Debug|Any CPU
		{174F006A-8497-FB8B-96DB-2A5664244E82}.Release|Any CPU.ActiveCfg = Release|Any CPU
		{174F006A-8497-FB8B-96DB-2A5664244E82}.Release|Any CPU.Build.0 = Release|Any CPU
		{99BC1539-E81C-77C0-EA6E-0B7017AE8A58}.Debug|Any CPU.ActiveCfg = Debug|Any CPU
		{99BC1539-E81C-77C0-EA6E-0B7017AE8A58}.Debug|Any CPU.Build.0 = Debug|Any CPU
		{99BC1539-E81C-77C0-EA6E-0B7017AE8A58}.Release|Any CPU.ActiveCfg = Release|Any CPU
		{99BC1539-E81C-77C0-EA6E-0B7017AE8A58}.Release|Any CPU.Build.0 = Release|Any CPU
		{70097BFC-846C-2E15-D6D6-33038728FE74}.Debug|Any CPU.ActiveCfg = Debug|Any CPU
		{70097BFC-846C-2E15-D6D6-33038728FE74}.Debug|Any CPU.Build.0 = Debug|Any CPU
		{70097BFC-846C-2E15-D6D6-33038728FE74}.Release|Any CPU.ActiveCfg = Release|Any CPU
		{70097BFC-846C-2E15-D6D6-33038728FE74}.Release|Any CPU.Build.0 = Release|Any CPU
		{5F747A13-7A90-1C27-7411-45EE0D540A59}.Debug|Any CPU.ActiveCfg = Debug|Any CPU
		{5F747A13-7A90-1C27-7411-45EE0D540A59}.Debug|Any CPU.Build.0 = Debug|Any CPU
		{5F747A13-7A90-1C27-7411-45EE0D540A59}.Release|Any CPU.ActiveCfg = Release|Any CPU
		{5F747A13-7A90-1C27-7411-45EE0D540A59}.Release|Any CPU.Build.0 = Release|Any CPU
		{6BECB5C9-A5B9-C619-5F5B-D9DAF03BEF3A}.Debug|Any CPU.ActiveCfg = Debug|Any CPU
		{6BECB5C9-A5B9-C619-5F5B-D9DAF03BEF3A}.Debug|Any CPU.Build.0 = Debug|Any CPU
		{6BECB5C9-A5B9-C619-5F5B-D9DAF03BEF3A}.Release|Any CPU.ActiveCfg = Release|Any CPU
		{6BECB5C9-A5B9-C619-5F5B-D9DAF03BEF3A}.Release|Any CPU.Build.0 = Release|Any CPU
		{50AB20E3-2440-3EF1-B77E-851B18EC94F0}.Debug|Any CPU.ActiveCfg = Debug|Any CPU
		{50AB20E3-2440-3EF1-B77E-851B18EC94F0}.Debug|Any CPU.Build.0 = Debug|Any CPU
		{50AB20E3-2440-3EF1-B77E-851B18EC94F0}.Release|Any CPU.ActiveCfg = Release|Any CPU
		{50AB20E3-2440-3EF1-B77E-851B18EC94F0}.Release|Any CPU.Build.0 = Release|Any CPU
		{CB98F2F3-1925-CF84-EF60-21969A72AE09}.Debug|Any CPU.ActiveCfg = Debug|Any CPU
		{CB98F2F3-1925-CF84-EF60-21969A72AE09}.Debug|Any CPU.Build.0 = Debug|Any CPU
		{CB98F2F3-1925-CF84-EF60-21969A72AE09}.Release|Any CPU.ActiveCfg = Release|Any CPU
		{CB98F2F3-1925-CF84-EF60-21969A72AE09}.Release|Any CPU.Build.0 = Release|Any CPU
		{EB12EB5C-0D5F-24E9-0D67-08CA90C5C9B7}.Debug|Any CPU.ActiveCfg = Debug|Any CPU
		{EB12EB5C-0D5F-24E9-0D67-08CA90C5C9B7}.Debug|Any CPU.Build.0 = Debug|Any CPU
		{EB12EB5C-0D5F-24E9-0D67-08CA90C5C9B7}.Release|Any CPU.ActiveCfg = Release|Any CPU
		{EB12EB5C-0D5F-24E9-0D67-08CA90C5C9B7}.Release|Any CPU.Build.0 = Release|Any CPU
		{D74B98D5-EC0F-8135-7F5C-E6C61DEC78CA}.Debug|Any CPU.ActiveCfg = Debug|Any CPU
		{D74B98D5-EC0F-8135-7F5C-E6C61DEC78CA}.Debug|Any CPU.Build.0 = Debug|Any CPU
		{D74B98D5-EC0F-8135-7F5C-E6C61DEC78CA}.Release|Any CPU.ActiveCfg = Release|Any CPU
		{D74B98D5-EC0F-8135-7F5C-E6C61DEC78CA}.Release|Any CPU.Build.0 = Release|Any CPU
		{4DC82888-98A6-98DF-398D-06B1A2DB1345}.Debug|Any CPU.ActiveCfg = Debug|Any CPU
		{4DC82888-98A6-98DF-398D-06B1A2DB1345}.Debug|Any CPU.Build.0 = Debug|Any CPU
		{4DC82888-98A6-98DF-398D-06B1A2DB1345}.Release|Any CPU.ActiveCfg = Release|Any CPU
		{4DC82888-98A6-98DF-398D-06B1A2DB1345}.Release|Any CPU.Build.0 = Release|Any CPU
		{9086084C-D5DA-AE12-DDF0-7AACF17EFA77}.Debug|Any CPU.ActiveCfg = Debug|Any CPU
		{9086084C-D5DA-AE12-DDF0-7AACF17EFA77}.Debug|Any CPU.Build.0 = Debug|Any CPU
		{9086084C-D5DA-AE12-DDF0-7AACF17EFA77}.Release|Any CPU.ActiveCfg = Release|Any CPU
		{9086084C-D5DA-AE12-DDF0-7AACF17EFA77}.Release|Any CPU.Build.0 = Release|Any CPU
		{5117CE77-9EEE-D0B6-28AF-A24C37ABF14D}.Debug|Any CPU.ActiveCfg = Debug|Any CPU
		{5117CE77-9EEE-D0B6-28AF-A24C37ABF14D}.Debug|Any CPU.Build.0 = Debug|Any CPU
		{5117CE77-9EEE-D0B6-28AF-A24C37ABF14D}.Release|Any CPU.ActiveCfg = Release|Any CPU
		{5117CE77-9EEE-D0B6-28AF-A24C37ABF14D}.Release|Any CPU.Build.0 = Release|Any CPU
		{AD583FF9-09C8-4175-3E71-570B8954E937}.Debug|Any CPU.ActiveCfg = Debug|Any CPU
		{AD583FF9-09C8-4175-3E71-570B8954E937}.Debug|Any CPU.Build.0 = Debug|Any CPU
		{AD583FF9-09C8-4175-3E71-570B8954E937}.Release|Any CPU.ActiveCfg = Release|Any CPU
		{AD583FF9-09C8-4175-3E71-570B8954E937}.Release|Any CPU.Build.0 = Release|Any CPU
		{8B9517E8-EE3D-5F9E-5700-7E06B0DA4E52}.Debug|Any CPU.ActiveCfg = Debug|Any CPU
		{8B9517E8-EE3D-5F9E-5700-7E06B0DA4E52}.Debug|Any CPU.Build.0 = Debug|Any CPU
		{8B9517E8-EE3D-5F9E-5700-7E06B0DA4E52}.Release|Any CPU.ActiveCfg = Release|Any CPU
		{8B9517E8-EE3D-5F9E-5700-7E06B0DA4E52}.Release|Any CPU.Build.0 = Release|Any CPU
		{059DEE0D-49D1-7463-C55F-F61EFACA80EA}.Debug|Any CPU.ActiveCfg = Debug|Any CPU
		{059DEE0D-49D1-7463-C55F-F61EFACA80EA}.Debug|Any CPU.Build.0 = Debug|Any CPU
		{059DEE0D-49D1-7463-C55F-F61EFACA80EA}.Release|Any CPU.ActiveCfg = Release|Any CPU
		{059DEE0D-49D1-7463-C55F-F61EFACA80EA}.Release|Any CPU.Build.0 = Release|Any CPU
		{27EF984A-25A0-8BF4-3FF9-A9363ED6FF6A}.Debug|Any CPU.ActiveCfg = Debug|Any CPU
		{27EF984A-25A0-8BF4-3FF9-A9363ED6FF6A}.Debug|Any CPU.Build.0 = Debug|Any CPU
		{27EF984A-25A0-8BF4-3FF9-A9363ED6FF6A}.Release|Any CPU.ActiveCfg = Release|Any CPU
		{27EF984A-25A0-8BF4-3FF9-A9363ED6FF6A}.Release|Any CPU.Build.0 = Release|Any CPU
		{B2A66E65-49D7-D93E-6A48-6CCBE16E00C3}.Debug|Any CPU.ActiveCfg = Debug|Any CPU
		{B2A66E65-49D7-D93E-6A48-6CCBE16E00C3}.Debug|Any CPU.Build.0 = Debug|Any CPU
		{B2A66E65-49D7-D93E-6A48-6CCBE16E00C3}.Release|Any CPU.ActiveCfg = Release|Any CPU
		{B2A66E65-49D7-D93E-6A48-6CCBE16E00C3}.Release|Any CPU.Build.0 = Release|Any CPU
		{6E4CE99E-B45B-03A0-62FB-9B4E2B158BA4}.Debug|Any CPU.ActiveCfg = Debug|Any CPU
		{6E4CE99E-B45B-03A0-62FB-9B4E2B158BA4}.Debug|Any CPU.Build.0 = Debug|Any CPU
		{6E4CE99E-B45B-03A0-62FB-9B4E2B158BA4}.Release|Any CPU.ActiveCfg = Release|Any CPU
		{6E4CE99E-B45B-03A0-62FB-9B4E2B158BA4}.Release|Any CPU.Build.0 = Release|Any CPU
		{B8C47C0C-4A53-69E3-8364-7B7C107A2051}.Debug|Any CPU.ActiveCfg = Debug|Any CPU
		{B8C47C0C-4A53-69E3-8364-7B7C107A2051}.Debug|Any CPU.Build.0 = Debug|Any CPU
		{B8C47C0C-4A53-69E3-8364-7B7C107A2051}.Release|Any CPU.ActiveCfg = Release|Any CPU
		{B8C47C0C-4A53-69E3-8364-7B7C107A2051}.Release|Any CPU.Build.0 = Release|Any CPU
		{C513685D-E784-CDBD-9666-A8EF79B60073}.Debug|Any CPU.ActiveCfg = Debug|Any CPU
		{C513685D-E784-CDBD-9666-A8EF79B60073}.Debug|Any CPU.Build.0 = Debug|Any CPU
		{C513685D-E784-CDBD-9666-A8EF79B60073}.Release|Any CPU.ActiveCfg = Release|Any CPU
		{C513685D-E784-CDBD-9666-A8EF79B60073}.Release|Any CPU.Build.0 = Release|Any CPU
	EndGlobalSection
	GlobalSection(SolutionProperties) = preSolution
		HideSolutionNode = FALSE
	EndGlobalSection
EndGlobal
